
Microsoft Visual Studio Solution File, Format Version 12.00
# Visual Studio Version 16
VisualStudioVersion = 16.6.30114.105
MinimumVisualStudioVersion = 10.0.40219.1
Project("{9A19103F-16F7-4668-BE54-9A1E7A4F7556}") = "WpfDemo", "WpfDemo\WpfDemo.csproj", "{2E000B9C-81C8-4334-8E4F-B7C4598006BB}"
EndProject
Project("{930C7802-8A8C-48F9-8165-68863BCCD9DD}") = "InstallerWixExample", "InstallerWixExample\InstallerWixExample.wixproj", "{A6CA9E35-1A5A-4244-B358-48CB2D13C6AE}"
EndProject
Project("{9A19103F-16F7-4668-BE54-9A1E7A4F7556}") = "JokeLib", "JokeLib\JokeLib.csproj", "{A88E7B5B-78E8-4A84-8B02-BA061ECD1F09}"
EndProject
Project("{9A19103F-16F7-4668-BE54-9A1E7A4F7556}") = "UnitTests", "UnitTests\UnitTests.csproj", "{8A29C694-F457-4134-BC8A-E52635EB76D9}"
EndProject
Global
	GlobalSection(SolutionConfigurationPlatforms) = preSolution
		Debug|win-x64 = Debug|win-x64
		Debug|win-x86 = Debug|win-x86
		Release|win-x64 = Release|win-x64
		Release|win-x86 = Release|win-x86
	EndGlobalSection
	GlobalSection(ProjectConfigurationPlatforms) = postSolution
		{2E000B9C-81C8-4334-8E4F-B7C4598006BB}.Debug|win-x64.ActiveCfg = Debug|Any CPU
		{2E000B9C-81C8-4334-8E4F-B7C4598006BB}.Debug|win-x64.Build.0 = Debug|Any CPU
		{2E000B9C-81C8-4334-8E4F-B7C4598006BB}.Debug|win-x86.ActiveCfg = Debug|Any CPU
		{2E000B9C-81C8-4334-8E4F-B7C4598006BB}.Debug|win-x86.Build.0 = Debug|Any CPU
		{2E000B9C-81C8-4334-8E4F-B7C4598006BB}.Release|win-x64.ActiveCfg = Release|x86
		{2E000B9C-81C8-4334-8E4F-B7C4598006BB}.Release|win-x64.Build.0 = Release|x86
		{2E000B9C-81C8-4334-8E4F-B7C4598006BB}.Release|win-x86.ActiveCfg = Release|x86
		{2E000B9C-81C8-4334-8E4F-B7C4598006BB}.Release|win-x86.Build.0 = Release|x86
		{A6CA9E35-1A5A-4244-B358-48CB2D13C6AE}.Debug|win-x64.ActiveCfg = Debug|x64
		{A6CA9E35-1A5A-4244-B358-48CB2D13C6AE}.Debug|win-x86.ActiveCfg = Debug|x86
		{A6CA9E35-1A5A-4244-B358-48CB2D13C6AE}.Debug|win-x86.Build.0 = Debug|x86
		{A6CA9E35-1A5A-4244-B358-48CB2D13C6AE}.Release|win-x64.ActiveCfg = Release|x86
		{A6CA9E35-1A5A-4244-B358-48CB2D13C6AE}.Release|win-x86.ActiveCfg = Release|x86
		{A88E7B5B-78E8-4A84-8B02-BA061ECD1F09}.Debug|win-x64.ActiveCfg = Debug|Any CPU
		{A88E7B5B-78E8-4A84-8B02-BA061ECD1F09}.Debug|win-x64.Build.0 = Debug|Any CPU
		{A88E7B5B-78E8-4A84-8B02-BA061ECD1F09}.Debug|win-x86.ActiveCfg = Debug|Any CPU
		{A88E7B5B-78E8-4A84-8B02-BA061ECD1F09}.Debug|win-x86.Build.0 = Debug|Any CPU
		{A88E7B5B-78E8-4A84-8B02-BA061ECD1F09}.Release|win-x64.ActiveCfg = Release|x86
		{A88E7B5B-78E8-4A84-8B02-BA061ECD1F09}.Release|win-x64.Build.0 = Release|x86
		{A88E7B5B-78E8-4A84-8B02-BA061ECD1F09}.Release|win-x86.ActiveCfg = Release|x86
		{A88E7B5B-78E8-4A84-8B02-BA061ECD1F09}.Release|win-x86.Build.0 = Release|x86
		{8A29C694-F457-4134-BC8A-E52635EB76D9}.Debug|win-x64.ActiveCfg = Debug|Any CPU
		{8A29C694-F457-4134-BC8A-E52635EB76D9}.Debug|win-x64.Build.0 = Debug|Any CPU
		{8A29C694-F457-4134-BC8A-E52635EB76D9}.Debug|win-x86.ActiveCfg = Debug|Any CPU
		{8A29C694-F457-4134-BC8A-E52635EB76D9}.Debug|win-x86.Build.0 = Debug|Any CPU
		{8A29C694-F457-4134-BC8A-E52635EB76D9}.Release|win-x64.ActiveCfg = Release|x86
		{8A29C694-F457-4134-BC8A-E52635EB76D9}.Release|win-x64.Build.0 = Release|x86
		{8A29C694-F457-4134-BC8A-E52635EB76D9}.Release|win-x86.ActiveCfg = Release|x86
		{8A29C694-F457-4134-BC8A-E52635EB76D9}.Release|win-x86.Build.0 = Release|x86
	EndGlobalSection
	GlobalSection(SolutionProperties) = preSolution
		HideSolutionNode = FALSE
	EndGlobalSection
	GlobalSection(ExtensibilityGlobals) = postSolution
		SolutionGuid = {8EDCA7F2-CFC5-43C8-AD1E-51DB520312EC}
	EndGlobalSection
EndGlobal
